PODS:
  - AnyCodable-FlightSchool (0.4.0)
  - Wormhole (0.1.0):
    - AnyCodable-FlightSchool (~> 0.4.0)
    - Wormhole/Core (= 0.1.0)
  - Wormhole/Core (0.1.0):
    - AnyCodable-FlightSchool (~> 0.4.0)

DEPENDENCIES:
  - Wormhole (from `../`)

SPEC REPOS:
  trunk:
    - AnyCodable-FlightSchool

EXTERNAL SOURCES:
  Wormhole:
    :path: "../"

SPEC CHECKSUMS:
  AnyCodable-FlightSchool: 9bf42632b5256c78710e2f4fb18ce78e89180883
  Wormhole: b29922f3f7e24bb18ac98c601b17020f04f93336

PODFILE CHECKSUM: 80ae596dc9aa98ad0129242bb1d335f8339c38a9

COCOAPODS: 1.10.1
