// !$*UTF8*$!
{
	archiveVersion = 1;
	classes = {
	};
	objectVersion = 50;
	objects = {

/* Begin PBXBuildFile section */
		081D3C8025CEFE0A00E47541 /* ExampleApp.swift in Sources */ = {isa = PBXBuildFile; fileRef = 081D3C6D25CEFE0A00E47541 /* ExampleApp.swift */; };
		081D3C8125CEFE0A00E47541 /* ExampleApp.swift in Sources */ = {isa = PBXBuildFile; fileRef = 081D3C6D25CEFE0A00E47541 /* ExampleApp.swift */; };
		081D3C8225CEFE0A00E47541 /* ContentView.swift in Sources */ = {isa = PBXBuildFile; fileRef = 081D3C6E25CEFE0A00E47541 /* ContentView.swift */; };
		081D3C8325CEFE0A00E47541 /* ContentView.swift in Sources */ = {isa = PBXBuildFile; fileRef = 081D3C6E25CEFE0A00E47541 /* ContentView.swift */; };
		081D3C8425CEFE0A00E47541 /* Assets.xcassets in Resources */ = {isa = PBXBuildFile; fileRef = 081D3C6F25CEFE0A00E47541 /* Assets.xcassets */; };
		081D3C8525CEFE0A00E47541 /* Assets.xcassets in Resources */ = {isa = PBXBuildFile; fileRef = 081D3C6F25CEFE0A00E47541 /* Assets.xcassets */; };
		081D3CCB25CEFE8100E47541 /* Assets.xcassets in Resources */ = {isa = PBXBuildFile; fileRef = 081D3CCA25CEFE8100E47541 /* Assets.xcassets */; };
		081D3CD225CEFE8100E47541 /* Example (watchOS Extension).appex in Embed App Extensions */ = {isa = PBXBuildFile; fileRef = 081D3CD125CEFE8100E47541 /* Example (watchOS Extension).appex */; settings = {ATTRIBUTES = (RemoveHeadersOnCopy, ); }; };
		081D3CD725CEFE8100E47541 /* ExampleApp.swift in Sources */ = {isa = PBXBuildFile; fileRef = 081D3CD625CEFE8100E47541 /* ExampleApp.swift */; };
		081D3CD925CEFE8100E47541 /* ContentView.swift in Sources */ = {isa = PBXBuildFile; fileRef = 081D3CD825CEFE8100E47541 /* ContentView.swift */; };
		081D3CDB25CEFE8100E47541 /* NotificationController.swift in Sources */ = {isa = PBXBuildFile; fileRef = 081D3CDA25CEFE8100E47541 /* NotificationController.swift */; };
		081D3CDD25CEFE8100E47541 /* NotificationView.swift in Sources */ = {isa = PBXBuildFile; fileRef = 081D3CDC25CEFE8100E47541 /* NotificationView.swift */; };
		081D3CDF25CEFE8100E47541 /* ComplicationController.swift in Sources */ = {isa = PBXBuildFile; fileRef = 081D3CDE25CEFE8100E47541 /* ComplicationController.swift */; };
		081D3CE125CEFE8200E47541 /* Assets.xcassets in Resources */ = {isa = PBXBuildFile; fileRef = 081D3CE025CEFE8200E47541 /* Assets.xcassets */; };
		081D3CE425CEFE8200E47541 /* Preview Assets.xcassets in Resources */ = {isa = PBXBuildFile; fileRef = 081D3CE325CEFE8200E47541 /* Preview Assets.xcassets */; };
		081D3CE925CEFE8200E47541 /* Example (watchOS).app in Embed Watch Content */ = {isa = PBXBuildFile; fileRef = 081D3CC825CEFE8100E47541 /* Example (watchOS).app */; settings = {ATTRIBUTES = (RemoveHeadersOnCopy, ); }; };
		14172CDB24CD994E153B060A /* Pods_Example__iOS_.framework in Frameworks */ = {isa = PBXBuildFile; fileRef = 45BDE24E5CE53C92BC340FED /* Pods_Example__iOS_.framework */; };
		B249662D6F90DBE708C24630 /* Pods_Example__watchOS_Extension_.framework in Frameworks */ = {isa = PBXBuildFile; fileRef = F5A40C3BDB79FE423A72DAC8 /* Pods_Example__watchOS_Extension_.framework */; };
		D0F0878AFA2EAA1C470704DD /* Pods_Example__macOS_.framework in Frameworks */ = {isa = PBXBuildFile; fileRef = 3E5531A72E935C9D754590F8 /* Pods_Example__macOS_.framework */; };
/* End PBXBuildFile section */

/* Begin PBXContainerItemProxy section */
		081D3CD325CEFE8100E47541 /* PBXContainerItemProxy */ = {
			isa = PBXContainerItemProxy;
			containerPortal = 081D3C6825CEFE0A00E47541 /* Project object */;
			proxyType = 1;
			remoteGlobalIDString = 081D3CD025CEFE8100E47541;
			remoteInfo = "watchOS Extension";
		};
		081D3CE725CEFE8200E47541 /* PBXContainerItemProxy */ = {
			isa = PBXContainerItemProxy;
			containerPortal = 081D3C6825CEFE0A00E47541 /* Project object */;
			proxyType = 1;
			remoteGlobalIDString = 081D3CC725CEFE8100E47541;
			remoteInfo = watchOS;
		};
/* End PBXContainerItemProxy section */

/* Begin PBXCopyFilesBuildPhase section */
		081D3CBB25CEFE3900E47541 /* Embed Watch Content */ = {
			isa = PBXCopyFilesBuildPhase;
			buildActionMask = 2147483647;
			dstPath = "$(CONTENTS_FOLDER_PATH)/Watch";
			dstSubfolderSpec = 16;
			files = (
				081D3CE925CEFE8200E47541 /* Example (watchOS).app in Embed Watch Content */,
			);
			name = "Embed Watch Content";
			runOnlyForDeploymentPostprocessing = 0;
		};
		081D3CED25CEFE8200E47541 /* Embed App Extensions */ = {
			isa = PBXCopyFilesBuildPhase;
			buildActionMask = 2147483647;
			dstPath = "";
			dstSubfolderSpec = 13;
			files = (
				081D3CD225CEFE8100E47541 /* Example (watchOS Extension).appex in Embed App Extensions */,
			);
			name = "Embed App Extensions";
			runOnlyForDeploymentPostprocessing = 0;
		};
/* End PBXCopyFilesBuildPhase section */

/* Begin PBXFileReference section */
		081D3C6D25CEFE0A00E47541 /* ExampleApp.swift */ = {isa = PBXFileReference; lastKnownFileType = sourcecode.swift; path = ExampleApp.swift; sourceTree = "<group>"; };
		081D3C6E25CEFE0A00E47541 /* ContentView.swift */ = {isa = PBXFileReference; lastKnownFileType = sourcecode.swift; path = ContentView.swift; sourceTree = "<group>"; };
		081D3C6F25CEFE0A00E47541 /* Assets.xcassets */ = {isa = PBXFileReference; lastKnownFileType = folder.assetcatalog; path = Assets.xcassets; sourceTree = "<group>"; };
		081D3C7425CEFE0A00E47541 /* Example.app */ = {isa = PBXFileReference; explicitFileType = wrapper.application; includeInIndex = 0; path = Example.app; sourceTree = BUILT_PRODUCTS_DIR; };
		081D3C7725CEFE0A00E47541 /* Info.plist */ = {isa = PBXFileReference; lastKnownFileType = text.plist.xml; path = Info.plist; sourceTree = "<group>"; };
		081D3C7C25CEFE0A00E47541 /* Example.app */ = {isa = PBXFileReference; explicitFileType = wrapper.application; includeInIndex = 0; path = Example.app; sourceTree = BUILT_PRODUCTS_DIR; };
		081D3C7E25CEFE0A00E47541 /* Info.plist */ = {isa = PBXFileReference; lastKnownFileType = text.plist.xml; path = Info.plist; sourceTree = "<group>"; };
		081D3C7F25CEFE0A00E47541 /* macOS.entitlements */ = {isa = PBXFileReference; lastKnownFileType = text.plist.entitlements; path = macOS.entitlements; sourceTree = "<group>"; };
		081D3CC825CEFE8100E47541 /* Example (watchOS).app */ = {isa = PBXFileReference; explicitFileType = wrapper.application; includeInIndex = 0; path = "Example (watchOS).app"; sourceTree = BUILT_PRODUCTS_DIR; };
		081D3CCA25CEFE8100E47541 /* Assets.xcassets */ = {isa = PBXFileReference; lastKnownFileType = folder.assetcatalog; path = Assets.xcassets; sourceTree = "<group>"; };
		081D3CCC25CEFE8100E47541 /* Info.plist */ = {isa = PBXFileReference; lastKnownFileType = text.plist.xml; path = Info.plist; sourceTree = "<group>"; };
		081D3CD125CEFE8100E47541 /* Example (watchOS Extension).appex */ = {isa = PBXFileReference; explicitFileType = "wrapper.app-extension"; includeInIndex = 0; path = "Example (watchOS Extension).appex"; sourceTree = BUILT_PRODUCTS_DIR; };
		081D3CD625CEFE8100E47541 /* ExampleApp.swift */ = {isa = PBXFileReference; lastKnownFileType = sourcecode.swift; path = ExampleApp.swift; sourceTree = "<group>"; };
		081D3CD825CEFE8100E47541 /* ContentView.swift */ = {isa = PBXFileReference; lastKnownFileType = sourcecode.swift; path = ContentView.swift; sourceTree = "<group>"; };
		081D3CDA25CEFE8100E47541 /* NotificationController.swift */ = {isa = PBXFileReference; lastKnownFileType = sourcecode.swift; path = NotificationController.swift; sourceTree = "<group>"; };
		081D3CDC25CEFE8100E47541 /* NotificationView.swift */ = {isa = PBXFileReference; lastKnownFileType = sourcecode.swift; path = NotificationView.swift; sourceTree = "<group>"; };
		081D3CDE25CEFE8100E47541 /* ComplicationController.swift */ = {isa = PBXFileReference; lastKnownFileType = sourcecode.swift; path = ComplicationController.swift; sourceTree = "<group>"; };
		081D3CE025CEFE8200E47541 /* Assets.xcassets */ = {isa = PBXFileReference; lastKnownFileType = folder.assetcatalog; path = Assets.xcassets; sourceTree = "<group>"; };
		081D3CE325CEFE8200E47541 /* Preview Assets.xcassets */ = {isa = PBXFileReference; lastKnownFileType = folder.assetcatalog; path = "Preview Assets.xcassets"; sourceTree = "<group>"; };
		081D3CE525CEFE8200E47541 /* Info.plist */ = {isa = PBXFileReference; lastKnownFileType = text.plist.xml; path = Info.plist; sourceTree = "<group>"; };
		081D3CE625CEFE8200E47541 /* PushNotificationPayload.apns */ = {isa = PBXFileReference; lastKnownFileType = text; path = PushNotificationPayload.apns; sourceTree = "<group>"; };
		3E5531A72E935C9D754590F8 /* Pods_Example__macOS_.framework */ = {isa = PBXFileReference; explicitFileType = wrapper.framework; includeInIndex = 0; path = Pods_Example__macOS_.framework; sourceTree = BUILT_PRODUCTS_DIR; };
		45BDE24E5CE53C92BC340FED /* Pods_Example__iOS_.framework */ = {isa = PBXFileReference; explicitFileType = wrapper.framework; includeInIndex = 0; path = Pods_Example__iOS_.framework; sourceTree = BUILT_PRODUCTS_DIR; };
		892EB3992AC6FB668A89F417 /* Pods-Example (macOS).release.xcconfig */ = {isa = PBXFileReference; includeInIndex = 1; lastKnownFileType = text.xcconfig; name = "Pods-Example (macOS).release.xcconfig"; path = "Target Support Files/Pods-Example (macOS)/Pods-Example (macOS).release.xcconfig"; sourceTree = "<group>"; };
		9AAF17AFC96D6E3E270F4BA7 /* Pods-Example (watchOS Extension).release.xcconfig */ = {isa = PBXFileReference; includeInIndex = 1; lastKnownFileType = text.xcconfig; name = "Pods-Example (watchOS Extension).release.xcconfig"; path = "Target Support Files/Pods-Example (watchOS Extension)/Pods-Example (watchOS Extension).release.xcconfig"; sourceTree = "<group>"; };
		9BA4B39B52A1FF30957BEB1D /* Pods-Example (watchOS Extension).debug.xcconfig */ = {isa = PBXFileReference; includeInIndex = 1; lastKnownFileType = text.xcconfig; name = "Pods-Example (watchOS Extension).debug.xcconfig"; path = "Target Support Files/Pods-Example (watchOS Extension)/Pods-Example (watchOS Extension).debug.xcconfig"; sourceTree = "<group>"; };
		9CD553C836FCCF9F890A138F /* Pods-Example (macOS).debug.xcconfig */ = {isa = PBXFileReference; includeInIndex = 1; lastKnownFileType = text.xcconfig; name = "Pods-Example (macOS).debug.xcconfig"; path = "Target Support Files/Pods-Example (macOS)/Pods-Example (macOS).debug.xcconfig"; sourceTree = "<group>"; };
		A987363BF2944702D9B0AECD /* Pods-Example (iOS).release.xcconfig */ = {isa = PBXFileReference; includeInIndex = 1; lastKnownFileType = text.xcconfig; name = "Pods-Example (iOS).release.xcconfig"; path = "Target Support Files/Pods-Example (iOS)/Pods-Example (iOS).release.xcconfig"; sourceTree = "<group>"; };
		E411835259E2CC4E5EA8F244 /* Pods-Example (iOS).debug.xcconfig */ = {isa = PBXFileReference; includeInIndex = 1; lastKnownFileType = text.xcconfig; name = "Pods-Example (iOS).debug.xcconfig"; path = "Target Support Files/Pods-Example (iOS)/Pods-Example (iOS).debug.xcconfig"; sourceTree = "<group>"; };
		F5A40C3BDB79FE423A72DAC8 /* Pods_Example__watchOS_Extension_.framework */ = {isa = PBXFileReference; explicitFileType = wrapper.framework; includeInIndex = 0; path = Pods_Example__watchOS_Extension_.framework; sourceTree = BUILT_PRODUCTS_DIR; };
/* End PBXFileReference section */

/* Begin PBXFrameworksBuildPhase section */
		081D3C7125CEFE0A00E47541 /* Frameworks */ = {
			isa = PBXFrameworksBuildPhase;
			buildActionMask = 2147483647;
			files = (
				14172CDB24CD994E153B060A /* Pods_Example__iOS_.framework in Frameworks */,
			);
			runOnlyForDeploymentPostprocessing = 0;
		};
		081D3C7925CEFE0A00E47541 /* Frameworks */ = {
			isa = PBXFrameworksBuildPhase;
			buildActionMask = 2147483647;
			files = (
				D0F0878AFA2EAA1C470704DD /* Pods_Example__macOS_.framework in Frameworks */,
			);
			runOnlyForDeploymentPostprocessing = 0;
		};
		081D3CCE25CEFE8100E47541 /* Frameworks */ = {
			isa = PBXFrameworksBuildPhase;
			buildActionMask = 2147483647;
			files = (
				B249662D6F90DBE708C24630 /* Pods_Example__watchOS_Extension_.framework in Frameworks */,
			);
			runOnlyForDeploymentPostprocessing = 0;
		};
		3A4E3E3E482C321FC41E02CA /* Frameworks */ = {
			isa = PBXFrameworksBuildPhase;
			buildActionMask = 2147483647;
			files = (
			);
			runOnlyForDeploymentPostprocessing = 0;
		};
/* End PBXFrameworksBuildPhase section */

/* Begin PBXGroup section */
		081D3C6725CEFE0A00E47541 = {
			isa = PBXGroup;
			children = (
				081D3C6C25CEFE0A00E47541 /* Shared */,
				081D3C7625CEFE0A00E47541 /* iOS */,
				081D3C7D25CEFE0A00E47541 /* macOS */,
				081D3CC925CEFE8100E47541 /* watchOS */,
				081D3CD525CEFE8100E47541 /* watchOS Extension */,
				081D3C7525CEFE0A00E47541 /* Products */,
				8FD991464FCB97D82FB81430 /* Pods */,
				ADD71231272CA02A74796D2E /* Frameworks */,
			);
			sourceTree = "<group>";
		};
		081D3C6C25CEFE0A00E47541 /* Shared */ = {
			isa = PBXGroup;
			children = (
				081D3C6D25CEFE0A00E47541 /* ExampleApp.swift */,
				081D3C6E25CEFE0A00E47541 /* ContentView.swift */,
				081D3C6F25CEFE0A00E47541 /* Assets.xcassets */,
			);
			path = Shared;
			sourceTree = "<group>";
		};
		081D3C7525CEFE0A00E47541 /* Products */ = {
			isa = PBXGroup;
			children = (
				081D3C7425CEFE0A00E47541 /* Example.app */,
				081D3C7C25CEFE0A00E47541 /* Example.app */,
				081D3CC825CEFE8100E47541 /* Example (watchOS).app */,
				081D3CD125CEFE8100E47541 /* Example (watchOS Extension).appex */,
			);
			name = Products;
			sourceTree = "<group>";
		};
		081D3C7625CEFE0A00E47541 /* iOS */ = {
			isa = PBXGroup;
			children = (
				081D3C7725CEFE0A00E47541 /* Info.plist */,
			);
			path = iOS;
			sourceTree = "<group>";
		};
		081D3C7D25CEFE0A00E47541 /* macOS */ = {
			isa = PBXGroup;
			children = (
				081D3C7E25CEFE0A00E47541 /* Info.plist */,
				081D3C7F25CEFE0A00E47541 /* macOS.entitlements */,
			);
			path = macOS;
			sourceTree = "<group>";
		};
		081D3CC925CEFE8100E47541 /* watchOS */ = {
			isa = PBXGroup;
			children = (
				081D3CCA25CEFE8100E47541 /* Assets.xcassets */,
				081D3CCC25CEFE8100E47541 /* Info.plist */,
			);
			path = watchOS;
			sourceTree = "<group>";
		};
		081D3CD525CEFE8100E47541 /* watchOS Extension */ = {
			isa = PBXGroup;
			children = (
				081D3CD625CEFE8100E47541 /* ExampleApp.swift */,
				081D3CD825CEFE8100E47541 /* ContentView.swift */,
				081D3CDA25CEFE8100E47541 /* NotificationController.swift */,
				081D3CDC25CEFE8100E47541 /* NotificationView.swift */,
				081D3CDE25CEFE8100E47541 /* ComplicationController.swift */,
				081D3CE025CEFE8200E47541 /* Assets.xcassets */,
				081D3CE525CEFE8200E47541 /* Info.plist */,
				081D3CE625CEFE8200E47541 /* PushNotificationPayload.apns */,
				081D3CE225CEFE8200E47541 /* Preview Content */,
			);
			path = "watchOS Extension";
			sourceTree = "<group>";
		};
		081D3CE225CEFE8200E47541 /* Preview Content */ = {
			isa = PBXGroup;
			children = (
				081D3CE325CEFE8200E47541 /* Preview Assets.xcassets */,
			);
			path = "Preview Content";
			sourceTree = "<group>";
		};
		8FD991464FCB97D82FB81430 /* Pods */ = {
			isa = PBXGroup;
			children = (
				E411835259E2CC4E5EA8F244 /* Pods-Example (iOS).debug.xcconfig */,
				A987363BF2944702D9B0AECD /* Pods-Example (iOS).release.xcconfig */,
				9CD553C836FCCF9F890A138F /* Pods-Example (macOS).debug.xcconfig */,
				892EB3992AC6FB668A89F417 /* Pods-Example (macOS).release.xcconfig */,
				9BA4B39B52A1FF30957BEB1D /* Pods-Example (watchOS Extension).debug.xcconfig */,
				9AAF17AFC96D6E3E270F4BA7 /* Pods-Example (watchOS Extension).release.xcconfig */,
			);
			name = Pods;
			path = Pods;
			sourceTree = "<group>";
		};
		ADD71231272CA02A74796D2E /* Frameworks */ = {
			isa = PBXGroup;
			children = (
				45BDE24E5CE53C92BC340FED /* Pods_Example__iOS_.framework */,
				3E5531A72E935C9D754590F8 /* Pods_Example__macOS_.framework */,
				F5A40C3BDB79FE423A72DAC8 /* Pods_Example__watchOS_Extension_.framework */,
			);
			name = Frameworks;
			sourceTree = "<group>";
		};
/* End PBXGroup section */

/* Begin PBXNativeTarget section */
		081D3C7325CEFE0A00E47541 /* Example (iOS) */ = {
			isa = PBXNativeTarget;
			buildConfigurationList = 081D3C8825CEFE0A00E47541 /* Build configuration list for PBXNativeTarget "Example (iOS)" */;
			buildPhases = (
				CE4EF004DCBDB5E666E6D8AD /* [CP] Check Pods Manifest.lock */,
				081D3C7025CEFE0A00E47541 /* Sources */,
				081D3C7125CEFE0A00E47541 /* Frameworks */,
				081D3C7225CEFE0A00E47541 /* Resources */,
				081D3CBB25CEFE3900E47541 /* Embed Watch Content */,
				61035DE382EC45EB5CDB3F2D /* [CP] Embed Pods Frameworks */,
			);
			buildRules = (
			);
			dependencies = (
				081D3CE825CEFE8200E47541 /* PBXTargetDependency */,
			);
			name = "Example (iOS)";
			productName = "Example (iOS)";
			productReference = 081D3C7425CEFE0A00E47541 /* Example.app */;
			productType = "com.apple.product-type.application";
		};
		081D3C7B25CEFE0A00E47541 /* Example (macOS) */ = {
			isa = PBXNativeTarget;
			buildConfigurationList = 081D3C8B25CEFE0A00E47541 /* Build configuration list for PBXNativeTarget "Example (macOS)" */;
			buildPhases = (
				08F0D29EE29ADB79B4F24FC5 /* [CP] Check Pods Manifest.lock */,
				081D3C7825CEFE0A00E47541 /* Sources */,
				081D3C7925CEFE0A00E47541 /* Frameworks */,
				081D3C7A25CEFE0A00E47541 /* Resources */,
				935691454210FDAFBDB92E40 /* [CP] Embed Pods Frameworks */,
			);
			buildRules = (
			);
			dependencies = (
			);
			name = "Example (macOS)";
			productName = "Example (macOS)";
			productReference = 081D3C7C25CEFE0A00E47541 /* Example.app */;
			productType = "com.apple.product-type.application";
		};
		081D3CC725CEFE8100E47541 /* Example (watchOS) */ = {
			isa = PBXNativeTarget;
			buildConfigurationList = 081D3CEE25CEFE8200E47541 /* Build configuration list for PBXNativeTarget "Example (watchOS)" */;
			buildPhases = (
				081D3CC625CEFE8100E47541 /* Resources */,
				081D3CED25CEFE8200E47541 /* Embed App Extensions */,
				3A4E3E3E482C321FC41E02CA /* Frameworks */,
			);
			buildRules = (
			);
			dependencies = (
				081D3CD425CEFE8100E47541 /* PBXTargetDependency */,
			);
			name = "Example (watchOS)";
			productName = watchOS;
			productReference = 081D3CC825CEFE8100E47541 /* Example (watchOS).app */;
			productType = "com.apple.product-type.application.watchapp2";
		};
		081D3CD025CEFE8100E47541 /* Example (watchOS Extension) */ = {
			isa = PBXNativeTarget;
			buildConfigurationList = 081D3CEA25CEFE8200E47541 /* Build configuration list for PBXNativeTarget "Example (watchOS Extension)" */;
			buildPhases = (
				69E4ECEA34284F18E608F687 /* [CP] Check Pods Manifest.lock */,
				081D3CCD25CEFE8100E47541 /* Sources */,
				081D3CCE25CEFE8100E47541 /* Frameworks */,
				081D3CCF25CEFE8100E47541 /* Resources */,
				DEA627C81E0F1C42B75D9D28 /* [CP] Embed Pods Frameworks */,
			);
			buildRules = (
			);
			dependencies = (
			);
			name = "Example (watchOS Extension)";
			productName = "watchOS Extension";
			productReference = 081D3CD125CEFE8100E47541 /* Example (watchOS Extension).appex */;
			productType = "com.apple.product-type.watchkit2-extension";
		};
/* End PBXNativeTarget section */

/* Begin PBXProject section */
		081D3C6825CEFE0A00E47541 /* Project object */ = {
			isa = PBXProject;
			attributes = {
				LastSwiftUpdateCheck = 1240;
				LastUpgradeCheck = 1240;
				TargetAttributes = {
					081D3C7325CEFE0A00E47541 = {
						CreatedOnToolsVersion = 12.4;
					};
					081D3C7B25CEFE0A00E47541 = {
						CreatedOnToolsVersion = 12.4;
					};
					081D3CC725CEFE8100E47541 = {
						CreatedOnToolsVersion = 12.4;
					};
					081D3CD025CEFE8100E47541 = {
						CreatedOnToolsVersion = 12.4;
					};
				};
			};
			buildConfigurationList = 081D3C6B25CEFE0A00E47541 /* Build configuration list for PBXProject "Example" */;
			compatibilityVersion = "Xcode 9.3";
			developmentRegion = en;
			hasScannedForEncodings = 0;
			knownRegions = (
				en,
				Base,
			);
			mainGroup = 081D3C6725CEFE0A00E47541;
			productRefGroup = 081D3C7525CEFE0A00E47541 /* Products */;
			projectDirPath = "";
			projectRoot = "";
			targets = (
				081D3C7325CEFE0A00E47541 /* Example (iOS) */,
				081D3C7B25CEFE0A00E47541 /* Example (macOS) */,
				081D3CC725CEFE8100E47541 /* Example (watchOS) */,
				081D3CD025CEFE8100E47541 /* Example (watchOS Extension) */,
			);
		};
/* End PBXProject section */

/* Begin PBXResourcesBuildPhase section */
		081D3C7225CEFE0A00E47541 /* Resources */ = {
			isa = PBXResourcesBuildPhase;
			buildActionMask = 2147483647;
			files = (
				081D3C8425CEFE0A00E47541 /* Assets.xcassets in Resources */,
			);
			runOnlyForDeploymentPostprocessing = 0;
		};
		081D3C7A25CEFE0A00E47541 /* Resources */ = {
			isa = PBXResourcesBuildPhase;
			buildActionMask = 2147483647;
			files = (
				081D3C8525CEFE0A00E47541 /* Assets.xcassets in Resources */,
			);
			runOnlyForDeploymentPostprocessing = 0;
		};
		081D3CC625CEFE8100E47541 /* Resources */ = {
			isa = PBXResourcesBuildPhase;
			buildActionMask = 2147483647;
			files = (
				081D3CCB25CEFE8100E47541 /* Assets.xcassets in Resources */,
			);
			runOnlyForDeploymentPostprocessing = 0;
		};
		081D3CCF25CEFE8100E47541 /* Resources */ = {
			isa = PBXResourcesBuildPhase;
			buildActionMask = 2147483647;
			files = (
				081D3CE425CEFE8200E47541 /* Preview Assets.xcassets in Resources */,
				081D3CE125CEFE8200E47541 /* Assets.xcassets in Resources */,
			);
			runOnlyForDeploymentPostprocessing = 0;
		};
/* End PBXResourcesBuildPhase section */

/* Begin PBXShellScriptBuildPhase section */
		08F0D29EE29ADB79B4F24FC5 /* [CP] Check Pods Manifest.lock */ = {
			isa = PBXShellScriptBuildPhase;
			buildActionMask = 2147483647;
			files = (
			);
			inputFileListPaths = (
			);
			inputPaths = (
				"${PODS_PODFILE_DIR_PATH}/Podfile.lock",
				"${PODS_ROOT}/Manifest.lock",
			);
			name = "[CP] Check Pods Manifest.lock";
			outputFileListPaths = (
			);
			outputPaths = (
				"$(DERIVED_FILE_DIR)/Pods-Example (macOS)-checkManifestLockResult.txt",
			);
			runOnlyForDeploymentPostprocessing = 0;
			shellPath = /bin/sh;
			shellScript = "diff \"${PODS_PODFILE_DIR_PATH}/Podfile.lock\" \"${PODS_ROOT}/Manifest.lock\" > /dev/null\nif [ $? != 0 ] ; then\n    # print error to STDERR\n    echo \"error: The sandbox is not in sync with the Podfile.lock. Run 'pod install' or update your CocoaPods installation.\" >&2\n    exit 1\nfi\n# This output is used by Xcode 'outputs' to avoid re-running this script phase.\necho \"SUCCESS\" > \"${SCRIPT_OUTPUT_FILE_0}\"\n";
			showEnvVarsInLog = 0;
		};
		61035DE382EC45EB5CDB3F2D /* [CP] Embed Pods Frameworks */ = {
			isa = PBXShellScriptBuildPhase;
			buildActionMask = 2147483647;
			files = (
			);
			inputFileListPaths = (
				"${PODS_ROOT}/Target Support Files/Pods-Example (iOS)/Pods-Example (iOS)-frameworks-${CONFIGURATION}-input-files.xcfilelist",
			);
			name = "[CP] Embed Pods Frameworks";
			outputFileListPaths = (
				"${PODS_ROOT}/Target Support Files/Pods-Example (iOS)/Pods-Example (iOS)-frameworks-${CONFIGURATION}-output-files.xcfilelist",
			);
			runOnlyForDeploymentPostprocessing = 0;
			shellPath = /bin/sh;
			shellScript = "\"${PODS_ROOT}/Target Support Files/Pods-Example (iOS)/Pods-Example (iOS)-frameworks.sh\"\n";
			showEnvVarsInLog = 0;
		};
		69E4ECEA34284F18E608F687 /* [CP] Check Pods Manifest.lock */ = {
			isa = PBXShellScriptBuildPhase;
			buildActionMask = 2147483647;
			files = (
			);
			inputFileListPaths = (
			);
			inputPaths = (
				"${PODS_PODFILE_DIR_PATH}/Podfile.lock",
				"${PODS_ROOT}/Manifest.lock",
			);
			name = "[CP] Check Pods Manifest.lock";
			outputFileListPaths = (
			);
			outputPaths = (
				"$(DERIVED_FILE_DIR)/Pods-Example (watchOS Extension)-checkManifestLockResult.txt",
			);
			runOnlyForDeploymentPostprocessing = 0;
			shellPath = /bin/sh;
			shellScript = "diff \"${PODS_PODFILE_DIR_PATH}/Podfile.lock\" \"${PODS_ROOT}/Manifest.lock\" > /dev/null\nif [ $? != 0 ] ; then\n    # print error to STDERR\n    echo \"error: The sandbox is not in sync with the Podfile.lock. Run 'pod install' or update your CocoaPods installation.\" >&2\n    exit 1\nfi\n# This output is used by Xcode 'outputs' to avoid re-running this script phase.\necho \"SUCCESS\" > \"${SCRIPT_OUTPUT_FILE_0}\"\n";
			showEnvVarsInLog = 0;
		};
		935691454210FDAFBDB92E40 /* [CP] Embed Pods Frameworks */ = {
			isa = PBXShellScriptBuildPhase;
			buildActionMask = 2147483647;
			files = (
			);
			inputFileListPaths = (
				"${PODS_ROOT}/Target Support Files/Pods-Example (macOS)/Pods-Example (macOS)-frameworks-${CONFIGURATION}-input-files.xcfilelist",
			);
			name = "[CP] Embed Pods Frameworks";
			outputFileListPaths = (
				"${PODS_ROOT}/Target Support Files/Pods-Example (macOS)/Pods-Example (macOS)-frameworks-${CONFIGURATION}-output-files.xcfilelist",
			);
			runOnlyForDeploymentPostprocessing = 0;
			shellPath = /bin/sh;
			shellScript = "\"${PODS_ROOT}/Target Support Files/Pods-Example (macOS)/Pods-Example (macOS)-frameworks.sh\"\n";
			showEnvVarsInLog = 0;
		};
		CE4EF004DCBDB5E666E6D8AD /* [CP] Check Pods Manifest.lock */ = {
			isa = PBXShellScriptBuildPhase;
			buildActionMask = 2147483647;
			files = (
			);
			inputFileListPaths = (
			);
			inputPaths = (
				"${PODS_PODFILE_DIR_PATH}/Podfile.lock",
				"${PODS_ROOT}/Manifest.lock",
			);
			name = "[CP] Check Pods Manifest.lock";
			outputFileListPaths = (
			);
			outputPaths = (
				"$(DERIVED_FILE_DIR)/Pods-Example (iOS)-checkManifestLockResult.txt",
			);
			runOnlyForDeploymentPostprocessing = 0;
			shellPath = /bin/sh;
			shellScript = "diff \"${PODS_PODFILE_DIR_PATH}/Podfile.lock\" \"${PODS_ROOT}/Manifest.lock\" > /dev/null\nif [ $? != 0 ] ; then\n    # print error to STDERR\n    echo \"error: The sandbox is not in sync with the Podfile.lock. Run 'pod install' or update your CocoaPods installation.\" >&2\n    exit 1\nfi\n# This output is used by Xcode 'outputs' to avoid re-running this script phase.\necho \"SUCCESS\" > \"${SCRIPT_OUTPUT_FILE_0}\"\n";
			showEnvVarsInLog = 0;
		};
		DEA627C81E0F1C42B75D9D28 /* [CP] Embed Pods Frameworks */ = {
			isa = PBXShellScriptBuildPhase;
			buildActionMask = 2147483647;
			files = (
			);
			inputFileListPaths = (
				"${PODS_ROOT}/Target Support Files/Pods-Example (watchOS Extension)/Pods-Example (watchOS Extension)-frameworks-${CONFIGURATION}-input-files.xcfilelist",
			);
			name = "[CP] Embed Pods Frameworks";
			outputFileListPaths = (
				"${PODS_ROOT}/Target Support Files/Pods-Example (watchOS Extension)/Pods-Example (watchOS Extension)-frameworks-${CONFIGURATION}-output-files.xcfilelist",
			);
			runOnlyForDeploymentPostprocessing = 0;
			shellPath = /bin/sh;
			shellScript = "\"${PODS_ROOT}/Target Support Files/Pods-Example (watchOS Extension)/Pods-Example (watchOS Extension)-frameworks.sh\"\n";
			showEnvVarsInLog = 0;
		};
/* End PBXShellScriptBuildPhase section */

/* Begin PBXSourcesBuildPhase section */
		081D3C7025CEFE0A00E47541 /* Sources */ = {
			isa = PBXSourcesBuildPhase;
			buildActionMask = 2147483647;
			files = (
				081D3C8225CEFE0A00E47541 /* ContentView.swift in Sources */,
				081D3C8025CEFE0A00E47541 /* ExampleApp.swift in Sources */,
			);
			runOnlyForDeploymentPostprocessing = 0;
		};
		081D3C7825CEFE0A00E47541 /* Sources */ = {
			isa = PBXSourcesBuildPhase;
			buildActionMask = 2147483647;
			files = (
				081D3C8325CEFE0A00E47541 /* ContentView.swift in Sources */,
				081D3C8125CEFE0A00E47541 /* ExampleApp.swift in Sources */,
			);
			runOnlyForDeploymentPostprocessing = 0;
		};
		081D3CCD25CEFE8100E47541 /* Sources */ = {
			isa = PBXSourcesBuildPhase;
			buildActionMask = 2147483647;
			files = (
				081D3CDB25CEFE8100E47541 /* NotificationController.swift in Sources */,
				081D3CD925CEFE8100E47541 /* ContentView.swift in Sources */,
				081D3CDF25CEFE8100E47541 /* ComplicationController.swift in Sources */,
				081D3CD725CEFE8100E47541 /* ExampleApp.swift in Sources */,
				081D3CDD25CEFE8100E47541 /* NotificationView.swift in Sources */,
			);
			runOnlyForDeploymentPostprocessing = 0;
		};
/* End PBXSourcesBuildPhase section */

/* Begin PBXTargetDependency section */
		081D3CD425CEFE8100E47541 /* PBXTargetDependency */ = {
			isa = PBXTargetDependency;
			target = 081D3CD025CEFE8100E47541 /* Example (watchOS Extension) */;
			targetProxy = 081D3CD325CEFE8100E47541 /* PBXContainerItemProxy */;
		};
		081D3CE825CEFE8200E47541 /* PBXTargetDependency */ = {
			isa = PBXTargetDependency;
			target = 081D3CC725CEFE8100E47541 /* Example (watchOS) */;
			targetProxy = 081D3CE725CEFE8200E47541 /* PBXContainerItemProxy */;
		};
/* End PBXTargetDependency section */

/* Begin XCBuildConfiguration section */
		081D3C8625CEFE0A00E47541 /* Debug */ = {
			isa = XCBuildConfiguration;
			buildSettings = {
				ALWAYS_SEARCH_USER_PATHS = NO;
				CLANG_ANALYZER_NONNULL = YES;
				CLANG_ANALYZER_NUMBER_OBJECT_CONVERSION = YES_AGGRESSIVE;
				CLANG_CXX_LANGUAGE_STANDARD = "gnu++14";
				CLANG_CXX_LIBRARY = "libc++";
				CLANG_ENABLE_MODULES = YES;
				CLANG_ENABLE_OBJC_ARC = YES;
				CLANG_ENABLE_OBJC_WEAK = YES;
				CLANG_WARN_BLOCK_CAPTURE_AUTORELEASING = YES;
				CLANG_WARN_BOOL_CONVERSION = YES;
				CLANG_WARN_COMMA = YES;
				CLANG_WARN_CONSTANT_CONVERSION = YES;
				CLANG_WARN_DEPRECATED_OBJC_IMPLEMENTATIONS = YES;
				CLANG_WARN_DIRECT_OBJC_ISA_USAGE = YES_ERROR;
				CLANG_WARN_DOCUMENTATION_COMMENTS = YES;
				CLANG_WARN_EMPTY_BODY = YES;
				CLANG_WARN_ENUM_CONVERSION = YES;
				CLANG_WARN_INFINITE_RECURSION = YES;
				CLANG_WARN_INT_CONVERSION = YES;
				CLANG_WARN_NON_LITERAL_NULL_CONVERSION = YES;
				CLANG_WARN_OBJC_IMPLICIT_RETAIN_SELF = YES;
				CLANG_WARN_OBJC_LITERAL_CONVERSION = YES;
				CLANG_WARN_OBJC_ROOT_CLASS = YES_ERROR;
				CLANG_WARN_QUOTED_INCLUDE_IN_FRAMEWORK_HEADER = YES;
				CLANG_WARN_RANGE_LOOP_ANALYSIS = YES;
				CLANG_WARN_STRICT_PROTOTYPES = YES;
				CLANG_WARN_SUSPICIOUS_MOVE = YES;
				CLANG_WARN_UNGUARDED_AVAILABILITY = YES_AGGRESSIVE;
				CLANG_WARN_UNREACHABLE_CODE = YES;
				CLANG_WARN__DUPLICATE_METHOD_MATCH = YES;
				COPY_PHASE_STRIP = NO;
				DEBUG_INFORMATION_FORMAT = dwarf;
				ENABLE_STRICT_OBJC_MSGSEND = YES;
				ENABLE_TESTABILITY = YES;
				GCC_C_LANGUAGE_STANDARD = gnu11;
				GCC_DYNAMIC_NO_PIC = NO;
				GCC_NO_COMMON_BLOCKS = YES;
				GCC_OPTIMIZATION_LEVEL = 0;
				GCC_PREPROCESSOR_DEFINITIONS = (
					"DEBUG=1",
					"$(inherited)",
				);
				GCC_WARN_64_TO_32_BIT_CONVERSION = YES;
				GCC_WARN_ABOUT_RETURN_TYPE = YES_ERROR;
				GCC_WARN_UNDECLARED_SELECTOR = YES;
				GCC_WARN_UNINITIALIZED_AUTOS = YES_AGGRESSIVE;
				GCC_WARN_UNUSED_FUNCTION = YES;
				GCC_WARN_UNUSED_VARIABLE = YES;
				IPHONEOS_DEPLOYMENT_TARGET = 13.0;
				MACOSX_DEPLOYMENT_TARGET = 10.15;
				MTL_ENABLE_DEBUG_INFO = INCLUDE_SOURCE;
				MTL_FAST_MATH = YES;
				ONLY_ACTIVE_ARCH = YES;
				SWIFT_ACTIVE_COMPILATION_CONDITIONS = DEBUG;
				SWIFT_OPTIMIZATION_LEVEL = "-Onone";
			};
			name = Debug;
		};
		081D3C8725CEFE0A00E47541 /* Release */ = {
			isa = XCBuildConfiguration;
			buildSettings = {
				ALWAYS_SEARCH_USER_PATHS = NO;
				CLANG_ANALYZER_NONNULL = YES;
				CLANG_ANALYZER_NUMBER_OBJECT_CONVERSION = YES_AGGRESSIVE;
				CLANG_CXX_LANGUAGE_STANDARD = "gnu++14";
				CLANG_CXX_LIBRARY = "libc++";
				CLANG_ENABLE_MODULES = YES;
				CLANG_ENABLE_OBJC_ARC = YES;
				CLANG_ENABLE_OBJC_WEAK = YES;
				CLANG_WARN_BLOCK_CAPTURE_AUTORELEASING = YES;
				CLANG_WARN_BOOL_CONVERSION = YES;
				CLANG_WARN_COMMA = YES;
				CLANG_WARN_CONSTANT_CONVERSION = YES;
				CLANG_WARN_DEPRECATED_OBJC_IMPLEMENTATIONS = YES;
				CLANG_WARN_DIRECT_OBJC_ISA_USAGE = YES_ERROR;
				CLANG_WARN_DOCUMENTATION_COMMENTS = YES;
				CLANG_WARN_EMPTY_BODY = YES;
				CLANG_WARN_ENUM_CONVERSION = YES;
				CLANG_WARN_INFINITE_RECURSION = YES;
				CLANG_WARN_INT_CONVERSION = YES;
				CLANG_WARN_NON_LITERAL_NULL_CONVERSION = YES;
				CLANG_WARN_OBJC_IMPLICIT_RETAIN_SELF = YES;
				CLANG_WARN_OBJC_LITERAL_CONVERSION = YES;
				CLANG_WARN_OBJC_ROOT_CLASS = YES_ERROR;
				CLANG_WARN_QUOTED_INCLUDE_IN_FRAMEWORK_HEADER = YES;
				CLANG_WARN_RANGE_LOOP_ANALYSIS = YES;
				CLANG_WARN_STRICT_PROTOTYPES = YES;
				CLANG_WARN_SUSPICIOUS_MOVE = YES;
				CLANG_WARN_UNGUARDED_AVAILABILITY = YES_AGGRESSIVE;
				CLANG_WARN_UNREACHABLE_CODE = YES;
				CLANG_WARN__DUPLICATE_METHOD_MATCH = YES;
				COPY_PHASE_STRIP = NO;
				DEBUG_INFORMATION_FORMAT = "dwarf-with-dsym";
				ENABLE_NS_ASSERTIONS = NO;
				ENABLE_STRICT_OBJC_MSGSEND = YES;
				GCC_C_LANGUAGE_STANDARD = gnu11;
				GCC_NO_COMMON_BLOCKS = YES;
				GCC_WARN_64_TO_32_BIT_CONVERSION = YES;
				GCC_WARN_ABOUT_RETURN_TYPE = YES_ERROR;
				GCC_WARN_UNDECLARED_SELECTOR = YES;
				GCC_WARN_UNINITIALIZED_AUTOS = YES_AGGRESSIVE;
				GCC_WARN_UNUSED_FUNCTION = YES;
				GCC_WARN_UNUSED_VARIABLE = YES;
				IPHONEOS_DEPLOYMENT_TARGET = 13.0;
				MACOSX_DEPLOYMENT_TARGET = 10.15;
				MTL_ENABLE_DEBUG_INFO = NO;
				MTL_FAST_MATH = YES;
				SWIFT_COMPILATION_MODE = wholemodule;
				SWIFT_OPTIMIZATION_LEVEL = "-O";
			};
			name = Release;
		};
		081D3C8925CEFE0A00E47541 /* Debug */ = {
			isa = XCBuildConfiguration;
			baseConfigurationReference = E411835259E2CC4E5EA8F244 /* Pods-Example (iOS).debug.xcconfig */;
			buildSettings = {
				ASSETCATALOG_COMPILER_APPICON_NAME = AppIcon;
				ASSETCATALOG_COMPILER_GLOBAL_ACCENT_COLOR_NAME = AccentColor;
				CODE_SIGN_STYLE = Automatic;
				DEVELOPMENT_TEAM = NKL4G3TVAZ;
				ENABLE_PREVIEWS = YES;
				INFOPLIST_FILE = iOS/Info.plist;
				IPHONEOS_DEPLOYMENT_TARGET = 14.0;
				LD_RUNPATH_SEARCH_PATHS = (
					"$(inherited)",
					"@executable_path/Frameworks",
				);
				PRODUCT_BUNDLE_IDENTIFIER = "oxalyl-gruine-united-tassie-ga-blitum-upcry.Example";
				PRODUCT_NAME = Example;
				SDKROOT = iphoneos;
				SWIFT_VERSION = 5.0;
				TARGETED_DEVICE_FAMILY = "1,2";
			};
			name = Debug;
		};
		081D3C8A25CEFE0A00E47541 /* Release */ = {
			isa = XCBuildConfiguration;
			baseConfigurationReference = A987363BF2944702D9B0AECD /* Pods-Example (iOS).release.xcconfig */;
			buildSettings = {
				ASSETCATALOG_COMPILER_APPICON_NAME = AppIcon;
				ASSETCATALOG_COMPILER_GLOBAL_ACCENT_COLOR_NAME = AccentColor;
				CODE_SIGN_STYLE = Automatic;
				DEVELOPMENT_TEAM = NKL4G3TVAZ;
				ENABLE_PREVIEWS = YES;
				INFOPLIST_FILE = iOS/Info.plist;
				IPHONEOS_DEPLOYMENT_TARGET = 14.0;
				LD_RUNPATH_SEARCH_PATHS = (
					"$(inherited)",
					"@executable_path/Frameworks",
				);
				PRODUCT_BUNDLE_IDENTIFIER = "oxalyl-gruine-united-tassie-ga-blitum-upcry.Example";
				PRODUCT_NAME = Example;
				SDKROOT = iphoneos;
				SWIFT_VERSION = 5.0;
				TARGETED_DEVICE_FAMILY = "1,2";
				VALIDATE_PRODUCT = YES;
			};
			name = Release;
		};
		081D3C8C25CEFE0A00E47541 /* Debug */ = {
			isa = XCBuildConfiguration;
			baseConfigurationReference = 9CD553C836FCCF9F890A138F /* Pods-Example (macOS).debug.xcconfig */;
			buildSettings = {
				ASSETCATALOG_COMPILER_APPICON_NAME = AppIcon;
				ASSETCATALOG_COMPILER_GLOBAL_ACCENT_COLOR_NAME = AccentColor;
				CODE_SIGN_ENTITLEMENTS = macOS/macOS.entitlements;
				CODE_SIGN_STYLE = Automatic;
				COMBINE_HIDPI_IMAGES = YES;
				ENABLE_PREVIEWS = YES;
				INFOPLIST_FILE = macOS/Info.plist;
				LD_RUNPATH_SEARCH_PATHS = (
					"$(inherited)",
					"@executable_path/../Frameworks",
				);
				MACOSX_DEPLOYMENT_TARGET = 11.0;
				PRODUCT_BUNDLE_IDENTIFIER = "oxalyl-gruine-united-tassie-ga-blitum-upcry.Example";
				PRODUCT_NAME = Example;
				SDKROOT = macosx;
				SWIFT_VERSION = 5.0;
			};
			name = Debug;
		};
		081D3C8D25CEFE0A00E47541 /* Release */ = {
			isa = XCBuildConfiguration;
			baseConfigurationReference = 892EB3992AC6FB668A89F417 /* Pods-Example (macOS).release.xcconfig */;
			buildSettings = {
				ASSETCATALOG_COMPILER_APPICON_NAME = AppIcon;
				ASSETCATALOG_COMPILER_GLOBAL_ACCENT_COLOR_NAME = AccentColor;
				CODE_SIGN_ENTITLEMENTS = macOS/macOS.entitlements;
				CODE_SIGN_STYLE = Automatic;
				COMBINE_HIDPI_IMAGES = YES;
				ENABLE_PREVIEWS = YES;
				INFOPLIST_FILE = macOS/Info.plist;
				LD_RUNPATH_SEARCH_PATHS = (
					"$(inherited)",
					"@executable_path/../Frameworks",
				);
				MACOSX_DEPLOYMENT_TARGET = 11.0;
				PRODUCT_BUNDLE_IDENTIFIER = "oxalyl-gruine-united-tassie-ga-blitum-upcry.Example";
				PRODUCT_NAME = Example;
				SDKROOT = macosx;
				SWIFT_VERSION = 5.0;
			};
			name = Release;
		};
		081D3CEB25CEFE8200E47541 /* Debug */ = {
			isa = XCBuildConfiguration;
			baseConfigurationReference = 9BA4B39B52A1FF30957BEB1D /* Pods-Example (watchOS Extension).debug.xcconfig */;
			buildSettings = {
				ASSETCATALOG_COMPILER_COMPLICATION_NAME = Complication;
				CODE_SIGN_STYLE = Automatic;
				DEVELOPMENT_ASSET_PATHS = "\"watchOS Extension/Preview Content\"";
				DEVELOPMENT_TEAM = NKL4G3TVAZ;
				ENABLE_PREVIEWS = YES;
				INFOPLIST_FILE = "watchOS Extension/Info.plist";
				LD_RUNPATH_SEARCH_PATHS = (
					"$(inherited)",
					"@executable_path/Frameworks",
					"@executable_path/../../Frameworks",
				);
				PRODUCT_BUNDLE_IDENTIFIER = "oxalyl-gruine-united-tassie-ga-blitum-upcry.Example.watchkitapp.watchkitextension";
				PRODUCT_NAME = "${TARGET_NAME}";
				SDKROOT = watchos;
				SKIP_INSTALL = YES;
				SWIFT_VERSION = 5.0;
				TARGETED_DEVICE_FAMILY = 4;
				WATCHOS_DEPLOYMENT_TARGET = 7.2;
			};
			name = Debug;
		};
		081D3CEC25CEFE8200E47541 /* Release */ = {
			isa = XCBuildConfiguration;
			baseConfigurationReference = 9AAF17AFC96D6E3E270F4BA7 /* Pods-Example (watchOS Extension).release.xcconfig */;
			buildSettings = {
				ASSETCATALOG_COMPILER_COMPLICATION_NAME = Complication;
				CODE_SIGN_STYLE = Automatic;
				DEVELOPMENT_ASSET_PATHS = "\"watchOS Extension/Preview Content\"";
				DEVELOPMENT_TEAM = NKL4G3TVAZ;
				ENABLE_PREVIEWS = YES;
				INFOPLIST_FILE = "watchOS Extension/Info.plist";
				LD_RUNPATH_SEARCH_PATHS = (
					"$(inherited)",
					"@executable_path/Frameworks",
					"@executable_path/../../Frameworks",
				);
				PRODUCT_BUNDLE_IDENTIFIER = "oxalyl-gruine-united-tassie-ga-blitum-upcry.Example.watchkitapp.watchkitextension";
				PRODUCT_NAME = "${TARGET_NAME}";
				SDKROOT = watchos;
				SKIP_INSTALL = YES;
				SWIFT_VERSION = 5.0;
				TARGETED_DEVICE_FAMILY = 4;
				VALIDATE_PRODUCT = YES;
				WATCHOS_DEPLOYMENT_TARGET = 7.2;
			};
			name = Release;
		};
		081D3CEF25CEFE8200E47541 /* Debug */ = {
			isa = XCBuildConfiguration;
			buildSettings = {
				ALWAYS_EMBED_SWIFT_STANDARD_LIBRARIES = YES;
				ASSETCATALOG_COMPILER_APPICON_NAME = AppIcon;
				ASSETCATALOG_COMPILER_GLOBAL_ACCENT_COLOR_NAME = AccentColor;
				CODE_SIGN_STYLE = Automatic;
				DEVELOPMENT_TEAM = NKL4G3TVAZ;
				IBSC_MODULE = watchOS_Extension;
				INFOPLIST_FILE = watchOS/Info.plist;
				PRODUCT_BUNDLE_IDENTIFIER = "oxalyl-gruine-united-tassie-ga-blitum-upcry.Example.watchkitapp";
				PRODUCT_NAME = "$(TARGET_NAME)";
				SDKROOT = watchos;
				SKIP_INSTALL = YES;
				SWIFT_VERSION = 5.0;
				TARGETED_DEVICE_FAMILY = 4;
				WATCHOS_DEPLOYMENT_TARGET = 7.2;
			};
			name = Debug;
		};
		081D3CF025CEFE8200E47541 /* Release */ = {
			isa = XCBuildConfiguration;
			buildSettings = {
				ALWAYS_EMBED_SWIFT_STANDARD_LIBRARIES = YES;
				ASSETCATALOG_COMPILER_APPICON_NAME = AppIcon;
				ASSETCATALOG_COMPILER_GLOBAL_ACCENT_COLOR_NAME = AccentColor;
				CODE_SIGN_STYLE = Automatic;
				DEVELOPMENT_TEAM = NKL4G3TVAZ;
				IBSC_MODULE = watchOS_Extension;
				INFOPLIST_FILE = watchOS/Info.plist;
				PRODUCT_BUNDLE_IDENTIFIER = "oxalyl-gruine-united-tassie-ga-blitum-upcry.Example.watchkitapp";
				PRODUCT_NAME = "$(TARGET_NAME)";
				SDKROOT = watchos;
				SKIP_INSTALL = YES;
				SWIFT_VERSION = 5.0;
				TARGETED_DEVICE_FAMILY = 4;
				VALIDATE_PRODUCT = YES;
				WATCHOS_DEPLOYMENT_TARGET = 7.2;
			};
			name = Release;
		};
/* End XCBuildConfiguration section */

/* Begin XCConfigurationList section */
		081D3C6B25CEFE0A00E47541 /* Build configuration list for PBXProject "Example" */ = {
			isa = XCConfigurationList;
			buildConfigurations = (
				081D3C8625CEFE0A00E47541 /* Debug */,
				081D3C8725CEFE0A00E47541 /* Release */,
			);
			defaultConfigurationIsVisible = 0;
			defaultConfigurationName = Release;
		};
		081D3C8825CEFE0A00E47541 /* Build configuration list for PBXNativeTarget "Example (iOS)" */ = {
			isa = XCConfigurationList;
			buildConfigurations = (
				081D3C8925CEFE0A00E47541 /* Debug */,
				081D3C8A25CEFE0A00E47541 /* Release */,
			);
			defaultConfigurationIsVisible = 0;
			defaultConfigurationName = Release;
		};
		081D3C8B25CEFE0A00E47541 /* Build configuration list for PBXNativeTarget "Example (macOS)" */ = {
			isa = XCConfigurationList;
			buildConfigurations = (
				081D3C8C25CEFE0A00E47541 /* Debug */,
				081D3C8D25CEFE0A00E47541 /* Release */,
			);
			defaultConfigurationIsVisible = 0;
			defaultConfigurationName = Release;
		};
		081D3CEA25CEFE8200E47541 /* Build configuration list for PBXNativeTarget "Example (watchOS Extension)" */ = {
			isa = XCConfigurationList;
			buildConfigurations = (
				081D3CEB25CEFE8200E47541 /* Debug */,
				081D3CEC25CEFE8200E47541 /* Release */,
			);
			defaultConfigurationIsVisible = 0;
			defaultConfigurationName = Release;
		};
		081D3CEE25CEFE8200E47541 /* Build configuration list for PBXNativeTarget "Example (watchOS)" */ = {
			isa = XCConfigurationList;
			buildConfigurations = (
				081D3CEF25CEFE8200E47541 /* Debug */,
				081D3CF025CEFE8200E47541 /* Release */,
			);
			defaultConfigurationIsVisible = 0;
			defaultConfigurationName = Release;
		};
/* End XCConfigurationList section */
	};
	rootObject = 081D3C6825CEFE0A00E47541 /* Project object */;
}
