PODS:
  - Wormhole (0.1.0):
    - Wormhole/Core (= 0.1.0)
  - Wormhole/Core (0.1.0)

DEPENDENCIES:
  - Wormhole (from `../../`)

EXTERNAL SOURCES:
  Wormhole:
    :path: "../../"

SPEC CHECKSUMS:
  Wormhole: 5fe5661ba284843d84ac185ee86211e98dc16593

PODFILE CHECKSUM: 0198143352250886e817c928c82838adb9b11e39

COCOAPODS: 1.10.1
